
Microsoft Visual Studio Solution File, Format Version 12.00
# Visual Studio Version 17
VisualStudioVersion = 17.7.34003.232
MinimumVisualStudioVersion = 10.0.40219.1
Project("{9A19103F-16F7-4668-BE54-9A1E7A4F7556}") = "SantaBot", "SantaBot\SantaBot.csproj", "{1F207DEC-0EAF-42EE-AAE0-1DD5DB621FE8}"
EndProject
Global
	GlobalSection(SolutionConfigurationPlatforms) = preSolution
		Debug|Any CPU = Debug|Any CPU
		Debug|ARM32 = Debug|ARM32
		Release|Any CPU = Release|Any CPU
		Release|ARM32 = Release|ARM32
	EndGlobalSection
	GlobalSection(ProjectConfigurationPlatforms) = postSolution
		{1F207DEC-0EAF-42EE-AAE0-1DD5DB621FE8}.Debug|Any CPU.ActiveCfg = Debug|Any CPU
		{1F207DEC-0EAF-42EE-AAE0-1DD5DB621FE8}.Debug|Any CPU.Build.0 = Debug|Any CPU
		{1F207DEC-0EAF-42EE-AAE0-1DD5DB621FE8}.Debug|ARM32.ActiveCfg = Debug|ARM32
		{1F207DEC-0EAF-42EE-AAE0-1DD5DB621FE8}.Debug|ARM32.Build.0 = Debug|ARM32
		{1F207DEC-0EAF-42EE-AAE0-1DD5DB621FE8}.Release|Any CPU.ActiveCfg = Release|Any CPU
		{1F207DEC-0EAF-42EE-AAE0-1DD5DB621FE8}.Release|Any CPU.Build.0 = Release|Any CPU
		{1F207DEC-0EAF-42EE-AAE0-1DD5DB621FE8}.Release|ARM32.ActiveCfg = Release|ARM32
		{1F207DEC-0EAF-42EE-AAE0-1DD5DB621FE8}.Release|ARM32.Build.0 = Release|ARM32
	EndGlobalSection
	GlobalSection(SolutionProperties) = preSolution
		HideSolutionNode = FALSE
	EndGlobalSection
	GlobalSection(ExtensibilityGlobals) = postSolution
		SolutionGuid = {70414767-85CC-480C-AB01-5C0C85E23C53}
	EndGlobalSection
EndGlobal
